
Microsoft Visual Studio Solution File, Format Version 12.00
# Visual Studio 14
VisualStudioVersion = 14.0.25420.1
MinimumVisualStudioVersion = 10.0.40219.1
Project("{FAE04EC0-301F-11D3-BF4B-00C04F79EFBC}") = "QuizLibrary", "QuizLibrary\QuizLibrary.csproj", "{C7987DC3-C727-42F8-9129-0DFEB69C1590}"
EndProject
Project("{FAE04EC0-301F-11D3-BF4B-00C04F79EFBC}") = "QuizWebApp.Tests", "QuizWebApp.Tests\QuizWebApp.Tests.csproj", "{720ABD02-6651-49EC-BE66-8849ACA7036B}"
EndProject
Project("{FAE04EC0-301F-11D3-BF4B-00C04F79EFBC}") = "QuizGameWebApp", "QuizGameWebApp\QuizGameWebApp.csproj", "{F7B4BEEF-AB4C-4FB8-BD4C-C68CA8E4DD1D}"
EndProject
Global
	GlobalSection(SolutionConfigurationPlatforms) = preSolution
		Debug|Any CPU = Debug|Any CPU
		Release|Any CPU = Release|Any CPU
	EndGlobalSection
	GlobalSection(ProjectConfigurationPlatforms) = postSolution
		{C7987DC3-C727-42F8-9129-0DFEB69C1590}.Debug|Any CPU.ActiveCfg = Debug|Any CPU
		{C7987DC3-C727-42F8-9129-0DFEB69C1590}.Debug|Any CPU.Build.0 = Debug|Any CPU
		{C7987DC3-C727-42F8-9129-0DFEB69C1590}.Release|Any CPU.ActiveCfg = Release|Any CPU
		{C7987DC3-C727-42F8-9129-0DFEB69C1590}.Release|Any CPU.Build.0 = Release|Any CPU
		{720ABD02-6651-49EC-BE66-8849ACA7036B}.Debug|Any CPU.ActiveCfg = Debug|Any CPU
		{720ABD02-6651-49EC-BE66-8849ACA7036B}.Debug|Any CPU.Build.0 = Debug|Any CPU
		{720ABD02-6651-49EC-BE66-8849ACA7036B}.Release|Any CPU.ActiveCfg = Release|Any CPU
		{720ABD02-6651-49EC-BE66-8849ACA7036B}.Release|Any CPU.Build.0 = Release|Any CPU
		{F7B4BEEF-AB4C-4FB8-BD4C-C68CA8E4DD1D}.Debug|Any CPU.ActiveCfg = Debug|Any CPU
		{F7B4BEEF-AB4C-4FB8-BD4C-C68CA8E4DD1D}.Debug|Any CPU.Build.0 = Debug|Any CPU
		{F7B4BEEF-AB4C-4FB8-BD4C-C68CA8E4DD1D}.Release|Any CPU.ActiveCfg = Release|Any CPU
		{F7B4BEEF-AB4C-4FB8-BD4C-C68CA8E4DD1D}.Release|Any CPU.Build.0 = Release|Any CPU
	EndGlobalSection
	GlobalSection(SolutionProperties) = preSolution
		HideSolutionNode = FALSE
	EndGlobalSection
EndGlobal
